hash: 95995814d6bfa0fcf951edc379e8c9106bc3f1861b40e0a01dbdd2d534380647
updated: 2018-10-13T11:01:54.031484611-05:00
imports:
- name: cloud.google.com/go
  version: 5f0ffe7729373c98a5801de148565a893a0d2899
  subpackages:
  - civil
- name: github.com/andybalholm/cascadia
  version: 680b6a57bda4f657485ad44bdea42342ead737bc
- name: github.com/denisenkom/go-mssqldb
  version: 1eb28afdf9b6e56cf673badd47545f844fe81103
  subpackages:
  - internal/cp
- name: github.com/go-redis/redis
  version: 69445c6e87e0af14f9625a1596620845a2b88e9e
  subpackages:
  - internal
  - internal/consistenthash
  - internal/hashtag
  - internal/pool
  - internal/proto
  - internal/singleflight
  - internal/util
- name: github.com/go-sql-driver/mysql
  version: 361f66ef3b53de1f16b7f2af9ef38a6c159ceb3e
- name: github.com/h2non/bimg
  version: 02e621739c77c791d8c153f240b7a1f75b07816f
- name: github.com/jlaffaye/ftp
  version: fe787349a520687bb2d7fd2fbb2f3435e8479530
- name: github.com/labstack/echo
  version: b338075a0fc6e1a0683dbf03d09b4957a289e26f
- name: github.com/labstack/gommon
  version: 2a618302b929cc20862dda3aa6f02f64dbe740dd
  subpackages:
  - color
  - log
- name: github.com/lestrrat/go-strftime
  version: ba3bf9c1d0421aa146564a632931730344f1f9f1
- name: github.com/lib/pq
  version: 4ded0e9383f75c197b3a2aaa6d590ac52df6fd79
  subpackages:
  - oid
- name: github.com/mattn/go-colorable
  version: efa589957cd060542a26d2dd7832fd6a6c6c3ade
- name: github.com/mattn/go-isatty
  version: 3fb116b820352b7f0c281308a4d6250c22d94e27
- name: github.com/nullbio/inflect
  version: 3edb4592a77b0072b13dc3ed0669c08c266f6c73
- name: github.com/pierrec/xxHash
  version: f051bb7f1d1aaf1b5a665d74fb6b0217712c69f7
  subpackages:
  - xxHash64
- name: github.com/pkg/errors
  version: 645ef00459ed84a119197bfb8d8205042c6df63d
- name: github.com/PuerkitoBio/goquery
  version: dc2ec5c7ca4d9aae063b79b9f581dd3ea6afd2b2
- name: github.com/rifflock/lfshook
  version: 6844c808343cb8fa357d7f141b1b990e05d24e41
- name: github.com/rohanthewiz/element
  version: a82ad36fd5974ff221a0b10451915fadd129295d
- name: github.com/rohanthewiz/logger
  version: 086593ec0de88c9753a51eb1e51fb5014434a51a
- name: github.com/rohanthewiz/roftp
  version: 26b4fb1338b198bd26a2b2747df8e915536e5f86
- name: github.com/rohanthewiz/roredis
  version: 1f6380dfc68e08e37d654028aa76e34a1fa7cebf
- name: github.com/rohanthewiz/rotatelogs
  version: f040fb921e630cf810a740075da9b2a36c4ac44c
- name: github.com/rohanthewiz/serr
  version: c9b173b7bf1837308b1d08ed4014041441b5243b
- name: github.com/satori/go.uuid
  version: 36e9d2ebbde5e3f13ab2e25625fd453271d6522e
- name: github.com/sirupsen/logrus
  version: 3e01752db0189b9157070a0e1668a620f9a85da2
- name: github.com/valyala/bytebufferpool
  version: cdfbe9377474227bb42120c1e22fd4433e7f69bf
- name: github.com/valyala/fasttemplate
  version: dcecefd839c4193db0d35b88ec65b4c12d360ab0
- name: github.com/vattle/sqlboiler
  version: 82e14d2e1acb4e1b6ef2193858820f9bff6f187c
  subpackages:
  - bdb
  - bdb/drivers
  - boil
  - queries
  - queries/qm
  - randomize
  - strmangle
  - types
- name: github.com/vincent-petithory/dataurl
  version: 9a301d65acbb728fcc3ace14f45f511a4cfeea9c
- name: golang.org/x/crypto
  version: b176d7def5d71bdd214203491f89843ed217f420
  subpackages:
  - acme
  - acme/autocert
  - md4
  - pbkdf2
  - scrypt
  - ssh/terminal
- name: golang.org/x/net
  version: 49bb7cea24b1df9410e1712aa6433dae904ff66a
  subpackages:
  - html
  - html/atom
- name: golang.org/x/sys
  version: 002cbb5f952456d0c50e0d2aff17ea5eca716979
  subpackages:
  - unix
  - windows
- name: google.golang.org/appengine
  version: ae0ab99deb4dc413a2b4bd6c8bdd0eb67f1e4d06
  subpackages:
  - cloudsql
- name: gopkg.in/nullbio/null.v6
  version: 40264a2e6b7972d183906cf17663983c23231c82
  subpackages:
  - convert
- name: gopkg.in/relistan/rubberneck.v1
  version: 4c696efeea6013864af139313af7c7492458fbbf
- name: gopkg.in/yaml.v2
  version: 5420a8b6744d3b0345ab293f6fcba19c978f1183
testImports:
- name: github.com/fsnotify/fsnotify
  version: ccc981bf80385c528a65fbfdd49bf2d8da22aa23
- name: github.com/hashicorp/hcl
  version: 65a6292f0157eff210d03ed1bf6c59b190b8b906
  subpackages:
  - hcl/ast
  - hcl/parser
  - hcl/printer
  - hcl/scanner
  - hcl/strconv
  - hcl/token
  - json/parser
  - json/scanner
  - json/token
- name: github.com/kat-co/vala
  version: bfe9b50e828ad56312e486cbf4165ff1ac3a9bae
- name: github.com/magiconair/properties
  version: c2353362d570a7bfa228149c62842019201cfb71
- name: github.com/mitchellh/mapstructure
  version: 3536a929edddb9a5b34bd6861dc4a9647cb459fe
- name: github.com/pelletier/go-toml
  version: 81a861c69d25a841d0c4394f0e6f84bc8c5afae0
- name: github.com/spf13/afero
  version: d40851caa0d747393da1ffb28f7f9d8b4eeffebd
  subpackages:
  - mem
- name: github.com/spf13/cast
  version: 8965335b8c7107321228e3e3702cab9832751bac
- name: github.com/spf13/jwalterweatherman
  version: 103a6da826d08544f49833dabd4f1cdf8a1038bb
- name: github.com/spf13/pflag
  version: 9ff6c6923cfffbcd502984b8e0c80539a94968b7
- name: github.com/spf13/viper
  version: 2c12c60302a5a0e62ee102ca9bc996277c2f64f5
- name: golang.org/x/text
  version: 4d1c5fb19474adfe9562c9847ba425e7da817e81
  subpackages:
  - transform
  - unicode/norm
