github.com/PuerkitoBio/goquery v1.4.1 h1:smcIRGdYm/w7JSbcdeLHEMzxmsBQvl8lhf0dSw2nzMI=
github.com/PuerkitoBio/goquery v1.4.1/go.mod h1:T9ezsOHcCrDCgA8aF1Cqr3sSYbO/xgdy8/R/XiIMAhA=
github.com/andybalholm/cascadia v0.0.0-20181012154424-680b6a57bda4 h1:9fN66kGzMzrAu2PPoPdOT0Bek7cLKkWeV9Ive9LABT4=
github.com/andybalholm/cascadia v0.0.0-20181012154424-680b6a57bda4/go.mod h1:GsXiBklL0woXo1j/WYWtSYYC4ouU9PqHO0sqidkEA4Y=
github.com/chzyer/logex v1.1.10/go.mod h1:+Ywpsq7O8HXn0nuIou7OrIPyXbp3wmkHB+jjWRnGsAI=
github.com/chzyer/readline v0.0.0-20180603132655-2972be24d48e/go.mod h1:nSuG5e5PlCu98SY8svDHJxuZscDgtXS6KTTbou5AhLI=
github.com/chzyer/test v0.0.0-20180213035817-a1ea475d72b1/go.mod h1:Q3SI9o4m/ZMnBNeIyt5eFwwo7qiLfzFZmjNmxjkiQlU=
github.com/davecgh/go-spew v1.1.0/go.mod h1:J7Y8YcW2NihsgmVo/mv3lAwl/skON4iLHjSsI+c5H38=
github.com/davecgh/go-spew v1.1.1 h1:vj9j/u1bqnvCEfJOwUhtlOARqs3+rkHYY13jYWTU97c=
github.com/davecgh/go-spew v1.1.1/go.mod h1:J7Y8YcW2NihsgmVo/mv3lAwl/skON4iLHjSsI+c5H38=
github.com/dgrijalva/jwt-go v3.2.0+incompatible/go.mod h1:E3ru+11k8xSBh+hMPgOLZmtrrCbhqsmaPHjLKYnJCaQ=
github.com/fastly/go-utils v0.0.0-20180712184237-d95a45783239 h1:Ghm4eQYC0nEPnSJdVkTrXpu9KtoVCSo1hg7mtI7G9KU=
github.com/fastly/go-utils v0.0.0-20180712184237-d95a45783239/go.mod h1:Gdwt2ce0yfBxPvZrHkprdPPTTS3N5rwmLE8T22KBXlw=
github.com/fsnotify/fsnotify v1.4.7/go.mod h1:jwhsz4b93w/PPRr/qN1Yymfu8t87LnFCMoQvtojpjFo=
github.com/fsnotify/fsnotify v1.4.9 h1:hsms1Qyu0jgnwNXIxa+/V/PDsU6CfLf6CNO8H7IWoS4=
github.com/fsnotify/fsnotify v1.4.9/go.mod h1:znqG4EE+3YCdAaPaxE2ZRY/06pZUdp0tY4IgpuI1SZQ=
github.com/go-redis/redis v0.0.0-20180920103551-69445c6e87e0 h1:ScYAVP699GtQ7Ch4eVDUuewQ+D13ZlGV0N93aR5GWAw=
github.com/go-redis/redis v0.0.0-20180920103551-69445c6e87e0/go.mod h1:NAIEuMOZ/fxfXJIrKDQDz8wamY7mA7PouImQ2Jvg6kA=
github.com/go-task/slim-sprig v0.0.0-20210107165309-348f09dbbbc0/go.mod h1:fyg7847qk6SyHyPtNmDHnmrv/HOrqktSC+C9fM+CJOE=
github.com/golang/protobuf v1.2.0/go.mod h1:6lQm79b+lXiMfvg/cZm0SGofjICqVBUtrP5yJMmIC1U=
github.com/golang/protobuf v1.4.0-rc.1/go.mod h1:ceaxUfeHdC40wWswd/P6IGgMaK3YpKi5j83Wpe3EHw8=
github.com/golang/protobuf v1.4.0-rc.1.0.20200221234624-67d41d38c208/go.mod h1:xKAWHe0F5eneWXFV3EuXVDTCmh+JuBKY0li0aMyXATA=
github.com/golang/protobuf v1.4.0-rc.2/go.mod h1:LlEzMj4AhA7rCAGe4KMBDvJI+AwstrUpVNzEA03Pprs=
github.com/golang/protobuf v1.4.0-rc.4.0.20200313231945-b860323f09d0/go.mod h1:WU3c8KckQ9AFe+yFwt9sWVRKCVIyN9cPHBJSNnbL67w=
github.com/golang/protobuf v1.4.0/go.mod h1:jodUvKwWbYaEsadDk5Fwe5c77LiNKVO9IDvqG2KuDX0=
github.com/golang/protobuf v1.4.2/go.mod h1:oDoupMAO8OvCJWAcko0GGGIgR6R6ocIYbsSw735rRwI=
github.com/golang/protobuf v1.5.0/go.mod h1:FsONVRAS9T7sI+LIUmWTfcYkHO4aIWwzhcaSAoJOfIk=
github.com/golang/protobuf v1.5.2/go.mod h1:XVQd3VNwM+JqD3oG2Ue2ip4fOMUkwXdXDdiuN0vRsmY=
github.com/google/go-cmp v0.3.0/go.mod h1:8QqcDgzrUqlUb/G2PQTWiueGozuR1884gddMywk6iLU=
github.com/google/go-cmp v0.3.1/go.mod h1:8QqcDgzrUqlUb/G2PQTWiueGozuR1884gddMywk6iLU=
github.com/google/go-cmp v0.4.0/go.mod h1:v8dTdLbMG2kIc/vJvl+f65V22dbkXbowE6jgT/gNBxE=
github.com/google/go-cmp v0.5.5/go.mod h1:v8dTdLbMG2kIc/vJvl+f65V22dbkXbowE6jgT/gNBxE=
github.com/google/go-cmp v0.5.8 h1:e6P7q2lk1O+qJJb4BtCQXlK8vWEO8V1ZeuEdJNOqZyg=
github.com/google/go-cmp v0.5.8/go.mod h1:17dUlkBOakJ0+DkrSSNjCkIjxS6bF9zb3elmeNGIjoY=
github.com/google/pprof v0.0.0-20210407192527-94a9f03dee38/go.mod h1:kpwsk12EmLew5upagYY7GY0pfYCcupk39gWOCRROcvE=
github.com/h2non/bimg v1.0.18 h1:ep0hRtJGeLOMYIuFfgIb0r+19UNAwfXEuR8InuWdZ8c=
github.com/h2non/bimg v1.0.18/go.mod h1:R3+UiYwkK4rQl6KVFTOFJHitgLbZXBZNFh2cv3AEbp8=
github.com/hashicorp/errwrap v1.0.0 h1:hLrqtEDnRye3+sgx6z4qVLNuviH3MR5aQ0ykNJa/UYA=
github.com/hashicorp/errwrap v1.0.0/go.mod h1:YH+1FKiLXxHSkmPseP+kNlulaMuP3n2brvKWEqk/Jc4=
github.com/hashicorp/go-multierror v1.1.1 h1:H5DkEtf6CXdFp0N0Em5UCwQpXMWke8IA0+lD48awMYo=
github.com/hashicorp/go-multierror v1.1.1/go.mod h1:iw975J/qwKPdAO1clOe2L8331t/9/fmwbPZ6JB6eMoM=
github.com/hpcloud/tail v1.0.0/go.mod h1:ab1qPbhIpdTxEkNHXyeSf5vhxWSCs/tWer42PpOxQnU=
github.com/ianlancetaylor/demangle v0.0.0-20200824232613-28f6c0f3b639/go.mod h1:aSSvb/t6k1mPoxDqO4vJh6VOCGPwU4O0C2/Eqndh1Sc=
github.com/jehiah/go-strftime v0.0.0-20171201141054-1d33003b3869 h1:IPJ3dvxmJ4uczJe5YQdrYB16oTJlGSC/OyZDqUk9xX4=
github.com/jehiah/go-strftime v0.0.0-20171201141054-1d33003b3869/go.mod h1:cJ6Cj7dQo+O6GJNiMx+Pa94qKj+TG8ONdKHgMNIyyag=
github.com/jlaffaye/ftp v0.0.0-20220630165035-11536801d1ff h1:tN6UCYCBFNrPwvKf4RP9cIhGo6GcZ/IQTN8nqD7eCok=
github.com/jlaffaye/ftp v0.0.0-20220630165035-11536801d1ff/go.mod h1:hhq4G4crv+nW2qXtNYcuzLeOudG92Ps37HEKeg2e3lE=
github.com/johntdyer/slack-go v0.0.0-20180213144715-95fac1160b22 h1:jKUP9TQ0c7X3w6+IPyMit07RE42MtTWNd77sN2cHngQ=
github.com/johntdyer/slack-go v0.0.0-20180213144715-95fac1160b22/go.mod h1:u0Jo4f2dNlTJeeOywkM6bLwxq6gC3pZ9rEFHn3AhTdk=
github.com/johntdyer/slackrus v0.0.0-20210521205746-42486fb4c48c h1:4eD0DM7IEOQI5egyzKdPXncs61BxMtYwwzJPCRQFU0Y=
github.com/johntdyer/slackrus v0.0.0-20210521205746-42486fb4c48c/go.mod h1:j1kV/8f3jowErEq4XyeypkCdvg5EeHkf0YCKCcq5Ybo=
github.com/jonboulle/clockwork v0.3.0 h1:9BSCMi8C+0qdApAp4auwX0RkLGUjs956h0EkuQymUhg=
github.com/jonboulle/clockwork v0.3.0/go.mod h1:Pkfl5aHPm1nk2H9h0bjmnJD/BcgbGXUBGnn1kMkgxc8=
github.com/labstack/echo v0.0.0-20190126223945-739700bf4ef7 h1:kFheQLunLP9dCBrmg3D7y9FD44tlk/nvZQ7JCNvvWEA=
github.com/labstack/echo v0.0.0-20190126223945-739700bf4ef7/go.mod h1:rS0D1UPvC8/3sXjhSwEq+K1olh7ipbDhjDWATN2KSgA=
github.com/labstack/gommon v0.2.7 h1:2qOPq/twXDrQ6ooBGrn3mrmVOC+biLlatwgIu8lbzRM=
github.com/labstack/gommon v0.2.7/go.mod h1:/tj9csK2iPSBvn+3NLM9e52usepMtrd5ilFYA+wQNJ4=
github.com/lestrrat/go-envload v0.0.0-20180220120943-6ed08b54a570 h1:0iQektZGS248WXmGIYOwRXSQhD4qn3icjMpuxwO7qlo=
github.com/lestrrat/go-envload v0.0.0-20180220120943-6ed08b54a570/go.mod h1:BLt8L9ld7wVsvEWQbuLrUZnCMnUmLZ+CGDzKtclrTlE=
github.com/lestrrat/go-strftime v0.0.0-20180220042222-ba3bf9c1d042 h1:Bvq8AziQ5jFF4BHGAEDSqwPW1NJS3XshxbRCxtjFAZc=
github.com/lestrrat/go-strftime v0.0.0-20180220042222-ba3bf9c1d042/go.mod h1:TPpsiPUEh0zFL1Snz4crhMlBe60PYxRHr5oFF3rRYg0=
github.com/lib/pq v1.0.0 h1:X5PMW56eZitiTeO7tKzZxFCSpbFZJtkMMooicw2us9A=
github.com/lib/pq v1.0.0/go.mod h1:5WUZQaWbwv1U+lTReE5YruASi9Al49XbQIvNi/34Woo=
github.com/mattn/go-colorable v0.0.9 h1:UVL0vNpWh04HeJXV0KLcaT7r06gOH2l4OW6ddYRUIY4=
github.com/mattn/go-colorable v0.0.9/go.mod h1:9vuHe8Xs5qXnSaW/c/ABM9alt+Vo+STaOChaDxuIBZU=
github.com/mattn/go-isatty v0.0.4 h1:bnP0vzxcAdeI1zdubAl5PjU6zsERjGZb7raWodagDYs=
github.com/mattn/go-isatty v0.0.4/go.mod h1:M+lRXTBqGeGNdLjl/ufCoiOlB5xdOkqRJdNxMWT7Zi4=
github.com/nullbio/inflect v0.0.0-20170731032957-3edb4592a77b h1:/vTNA41SN6jHp+9pCTzuUDU/JG3jAirMGpXgyZ5NtNM=
github.com/nullbio/inflect v0.0.0-20170731032957-3edb4592a77b/go.mod h1:swC7cAYI9CGqNNwWp9olT8FdQWP0WAdO0m6NPlwuWaw=
github.com/nxadm/tail v1.4.4/go.mod h1:kenIhsEOeOJmVchQTgglprH7qJGnHDVpk1VPCcaMI8A=
github.com/nxadm/tail v1.4.8 h1:nPr65rt6Y5JFSKQO7qToXr7pePgD6Gwiw05lkbyAQTE=
github.com/nxadm/tail v1.4.8/go.mod h1:+ncqLTQzXmGhMZNUePPaPqPvBxHAIsmXswZKocGu+AU=
github.com/onsi/ginkgo v1.6.0/go.mod h1:lLunBs/Ym6LB5Z9jYTR76FiuTmxDTDusOGeTQH+WWjE=
github.com/onsi/ginkgo v1.12.1/go.mod h1:zj2OWP4+oCPe1qIXoGWkgMRwljMUYCdkwsT2108oapk=
github.com/onsi/ginkgo v1.16.4/go.mod h1:dX+/inL/fNMqNlz0e9LfyB9TswhZpCVdJM/Z6Vvnwo0=
github.com/onsi/ginkgo v1.16.5 h1:8xi0RTUf59SOSfEtZMvwTvXYMzG4gV23XVHOZiXNtnE=
github.com/onsi/ginkgo v1.16.5/go.mod h1:+E8gABHa3K6zRBolWtd+ROzc/U5bkGt0FwiG042wbpU=
github.com/onsi/ginkgo/v2 v2.1.3/go.mod h1:vw5CSIxN1JObi/U8gcbwft7ZxR2dgaR70JSE3/PpL4c=
github.com/onsi/ginkgo/v2 v2.1.4/go.mod h1:um6tUpWM/cxCK3/FK8BXqEiUMUwRgSM4JXG47RKZmLU=
github.com/onsi/gomega v1.7.1/go.mod h1:XdKZgCCFLUoM/7CFJVPcG8C1xQ1AJ0vpAezJrB7JYyY=
github.com/onsi/gomega v1.10.1/go.mod h1:iN09h71vgCQne3DLsj+A5owkum+a2tYe+TOCB1ybHNo=
github.com/onsi/gomega v1.17.0/go.mod h1:HnhC7FXeEQY45zxNK3PPoIUhzk/80Xly9PcubAlGdZY=
github.com/onsi/gomega v1.19.0/go.mod h1:LY+I3pBVzYsTBU1AnDwOSxaYi9WoWiqgwooUqq9yPro=
github.com/onsi/gomega v1.20.0 h1:8W0cWlwFkflGPLltQvLRB7ZVD5HuP6ng320w2IS245Q=
github.com/onsi/gomega v1.20.0/go.mod h1:DtrZpjmvpn2mPm4YWQa0/ALMDj9v4YxLgojwPeREyVo=
github.com/pierrec/xxHash v0.1.1 h1:KP4NrV9023xp3M4FkTYfcXqWigsOCImL1ANJ7sh5vg4=
github.com/pierrec/xxHash v0.1.1/go.mod h1:w2waW5Zoa/Wc4Yqe0wgrIYAGKqRMf7czn2HNKXmuL+I=
github.com/pkg/errors v0.8.0 h1:WdK/asTD0HN+q6hsWO3/vpuAkAr+tw6aNJNDFFf0+qw=
github.com/pkg/errors v0.8.0/go.mod h1:bwawxfHBFNV+L2hUp1rHADufV3IMtnDRdf1r5NINEl0=
github.com/pmezard/go-difflib v1.0.0 h1:4DBwDE0NGyQoBHbLQYPwSUPoCMWR5BEzIk/f1lZbAQM=
github.com/pmezard/go-difflib v1.0.0/go.mod h1:iKH77koFhYxTK1pcRnkKkqfTogsbg7gZNVY4sRDYZ/4=
github.com/rifflock/lfshook v0.0.0-20170601165600-6844c808343c h1:fb08W52K+IU7f6ZiDEAYVJ2y8KN1zIChlKsoVxp2bj0=
github.com/rifflock/lfshook v0.0.0-20170601165600-6844c808343c/go.mod h1:GEXHk5HgEKCvEIIrSpFI3ozzG5xOKA2DVlEX/gGnewM=
github.com/rohanthewiz/element v0.1.2 h1:q4CkTCi5yoMW8H9p9bn/zPt4Hk0OpMm7OfIE7BzyfuI=
github.com/rohanthewiz/element v0.1.2/go.mod h1:VNgNUGzMSA2rEot4fXM2deHofTXnF8dt5gV2KIQ+0tA=
github.com/rohanthewiz/gmail_send v1.0.0 h1:GxgZf6vF/iozP2YhYg3sgSWJCl2lrc/XNnhOpSRpUuY=
github.com/rohanthewiz/gmail_send v1.0.0/go.mod h1:p8Gj8BFnaR72GK0hy3q4nuj4v2lkvrubesBeMaQu9C0=
github.com/rohanthewiz/logger v1.0.1 h1:mEULiVZw9sdtsBrIVFGxP/dfGl1N1Ii+peUldzLNV54=
github.com/rohanthewiz/logger v1.0.1/go.mod h1:X0vxX9BG4NSCFkAwr1B6k3if6frVTde+qEA2GauNtH0=
github.com/rohanthewiz/rerr v0.1.0 h1:YEK/Fls4MFq36VveTuaxOWRiJL0OZwyKiIJBzMUtBsM=
github.com/rohanthewiz/rerr v0.1.0/go.mod h1:oxl1qq5YCma7A+KsBj+bhvkWW1jHs4tQ9hsDZOeEVXo=
github.com/rohanthewiz/rlog v0.1.2 h1:ZdhVcmBJNqnCHfVlJpmRiZinB63ZuJflLwDhOTn+nxo=
github.com/rohanthewiz/rlog v0.1.2/go.mod h1:YHPjJneqNoEHkDlcQKWYZainHcaOVBaWnGVORGC4WlQ=
github.com/rohanthewiz/roftp v1.0.0-rc2 h1:5G1TMc5+ngF24af8lEuje/opbKaIEgIP/8p9PBiN/hs=
github.com/rohanthewiz/roftp v1.0.0-rc2/go.mod h1:msR0LVb853F/EN/+BKd/ywP3/KU7b7BwC/svkisKOe8=
github.com/rohanthewiz/roredis v0.0.0-20180930023327-1f6380dfc68e h1:wGzjMo9KDLXn1u3rNpJ0FYmtXrGdbS4HJ+EExvT3o9M=
github.com/rohanthewiz/roredis v0.0.0-20180930023327-1f6380dfc68e/go.mod h1:YRm0+bo1OvJNN9RPejz4zeRDE72STqggkg+NBu9B5Fs=
github.com/rohanthewiz/rotatelogs v0.1.2 h1:xbhBnU6WWEEC9kQ8Car0D/7fPPbOTYUg0mE8k0lYyVg=
github.com/rohanthewiz/rotatelogs v0.1.2/go.mod h1:LsxtN1bp1EpJM2QohWGWhLV48zUvCETDNihnZjzvXFY=
github.com/rohanthewiz/serr v1.0.0-rc.3 h1:SF6N1H6UEZItH++sw2ssvaf1bJvqONcrzGGLo/UuxNE=
github.com/rohanthewiz/serr v1.0.0-rc.3/go.mod h1:4LFlRtUd/2j5PXgWWE9ibW/fVlJSH1acBDwn2pDcIRc=
github.com/rohanthewiz/serr v1.0.0-rc.5 h1:6+BYK66uL2ZVzcoQofENMMTH24SXJkHSfDHXrOlDlLc=
github.com/rohanthewiz/serr v1.0.0-rc.5/go.mod h1:wmOE3OtwVeCZruiMPfZePRyuwkaBEJKZmaUc2sAzgUY=
github.com/sirupsen/logrus v1.0.6 h1:hcP1GmhGigz/O7h1WVUM5KklBp1JoNS9FggWKdj/j3s=
github.com/sirupsen/logrus v1.0.6/go.mod h1:pMByvHTf9Beacp5x1UXfOR9xyW/9antXMhjMPG0dEzc=
github.com/sirupsen/logrus v1.8.1 h1:dJKuHgqk1NNQlqoA6BTlM1Wf9DOH3NBjQyu0h9+AZZE=
github.com/sirupsen/logrus v1.8.1/go.mod h1:yWOB1SBYBC5VeMP7gHvWumXLIWorT60ONWic61uBYv0=
github.com/stretchr/objx v0.1.0/go.mod h1:HFkY916IF+rwdDfMAkV7OtwuqBVzrE8GR6GFx+wExME=
github.com/stretchr/objx v0.4.0/go.mod h1:YvHI0jy2hoMjB+UWwv71VJQ9isScKT/TqJzVSSt89Yw=
github.com/stretchr/testify v1.2.2/go.mod h1:a8OnRcib4nhh0OaRAV+Yts87kKdq0PP7pXfy6kDkUVs=
github.com/stretchr/testify v1.5.1/go.mod h1:5W2xD1RspED5o8YsWQXVCued0rvSQ+mT+I5cxcmMvtA=
github.com/stretchr/testify v1.7.1/go.mod h1:6Fq8oRcR53rry900zMqJjRRixrwX3KX962/h/Wwjteg=
github.com/stretchr/testify v1.8.0 h1:pSgiaMZlXftHpm5L7V1+rVB+AZJydKsMxsQBIJw4PKk=
github.com/stretchr/testify v1.8.0/go.mod h1:yNjHg4UonilssWZ8iaSj1OCr/vHnekPRkoO+kdMU+MU=
github.com/stripe/stripe-go v55.14.0+incompatible h1:5+JWn2dKhB6Ee7V3AKZgB7kR48Lb9hbfkFIlzCLbYIo=
github.com/stripe/stripe-go v55.14.0+incompatible/go.mod h1:A1dQZmO/QypXmsL0T8axYZkSN/uA/T/A64pfKdBAMiY=
github.com/tebeka/strftime v0.1.5 h1:1NQKN1NiQgkqd/2moD6ySP/5CoZQsKa1d3ZhJ44Jpmg=
github.com/tebeka/strftime v0.1.5/go.mod h1:29/OidkoWHdEKZqzyDLUyC+LmgDgdHo4WAFCDT7D/Ig=
github.com/valyala/bytebufferpool v1.0.0 h1:GqA5TC/0021Y/b9FG4Oi9Mr3q7XYx6KllzawFIhcdPw=
github.com/valyala/bytebufferpool v1.0.0/go.mod h1:6bBcMArwyJ5K/AmCkWv1jt77kVWyCJ6HpOuEn7z0Csc=
github.com/valyala/fasttemplate v0.0.0-20170224212429-dcecefd839c4 h1:gKMu1Bf6QINDnvyZuTaACm9ofY+PRh+5vFz4oxBZeF8=
github.com/valyala/fasttemplate v0.0.0-20170224212429-dcecefd839c4/go.mod h1:50wTf68f99/Zt14pr046Tgt3Lp2vLyFZKzbFXTOabXw=
github.com/vattle/sqlboiler v2.5.0+incompatible h1:Wt7km7/dtfzZD8gt1u3NWeK0AuF5UEr26kVD360w2PA=
github.com/vattle/sqlboiler v2.5.0+incompatible/go.mod h1:Q3YlQv8muqQLqYsCfq0TjX87Ec/oUbIcLuZFZIUV614=
github.com/vincent-petithory/dataurl v0.0.0-20160330182126-9a301d65acbb h1:lyL3z7vYwTWXf4/bI+A01+cCSnfhKIBhy+SQ46Z/ml8=
github.com/vincent-petithory/dataurl v0.0.0-20160330182126-9a301d65acbb/go.mod h1:FHafX5vmDzyP+1CQATJn7WFKc9CvnvxyvZy6I1MrG/U=
github.com/yuin/goldmark v1.2.1/go.mod h1:3hX8gzYuyVAZsxl0MRgGTJEmQBFcNTphYh9decYSb74=
github.com/yuin/goldmark v1.4.1/go.mod h1:mwnBkeHKe2W/ZEtQ+71ViKU8L12m81fl3OWwC1Zlc8k=
golang.org/x/crypto v0.0.0-20181106171534-e4dc69e5b2fd/go.mod h1:6SG95UA2DQfeDnfUPMdvaQW0Q7yPrPDi9nlGo2tz2b4=
golang.org/x/crypto v0.0.0-20190308221718-c2843e01d9a2/go.mod h1:djNgcEr1/C05ACkg1iLfiJU5Ep61QUkGW8qpdssI0+w=
golang.org/x/crypto v0.0.0-20191011191535-87dc89f01550/go.mod h1:yigFU9vqHzYiE8UmvKecakEJjdnWj3jj499lnFckfCI=
golang.org/x/crypto v0.0.0-20200622213623-75b288015ac9/go.mod h1:LzIPMQfyMNhhGPhUkYOs5KpL4U8rLKemX1yGLhDgUto=
golang.org/x/crypto v0.0.0-20210921155107-089bfa567519 h1:7I4JAnoQBe7ZtJcBaYHi5UtiO8tQHbUSXxL+pnGRANg=
golang.org/x/crypto v0.0.0-20210921155107-089bfa567519/go.mod h1:GvvjBRRGRdwPK5ydBHafDWAxML/pGHZbMvKqRZ5+Abc=
golang.org/x/mod v0.3.0/go.mod h1:s0Qsj1ACt9ePp/hMypM3fl4fZqREWJwdYDEqhRiZZUA=
golang.org/x/mod v0.6.0-dev.0.20220106191415-9b9b3d81d5e3/go.mod h1:3p9vT2HGsQu2K1YbXdKPJLVgG5VJdoTa1poYQBtP1AY=
golang.org/x/net v0.0.0-20180218175443-cbe0f9307d01/go.mod h1:mL1N/T3taQHkDXs73rZJwtUhF3w3ftmwwsq0BUmARs4=
golang.org/x/net v0.0.0-20180906233101-161cd47e91fd/go.mod h1:mL1N/T3taQHkDXs73rZJwtUhF3w3ftmwwsq0BUmARs4=
golang.org/x/net v0.0.0-20190404232315-eb5bcb51f2a3/go.mod h1:t9HGtf8HONx5eT2rtn7q6eTqICYqUVnKs3thJo3Qplg=
golang.org/x/net v0.0.0-20190620200207-3b0461eec859/go.mod h1:z5CRVTTTmAJ677TzLLGU+0bjPO0LkuOLi4/5GtJWs/s=
golang.org/x/net v0.0.0-20200520004742-59133d7f0dd7/go.mod h1:qpuaurCH72eLCgpAm/N6yyVIVM9cpaDIP3A8BGJEC5A=
golang.org/x/net v0.0.0-20201021035429-f5854403a974/go.mod h1:sp8m0HH+o8qH0wwXwYZr8TS3Oi6o0r6Gce1SSxlDquU=
golang.org/x/net v0.0.0-20210226172049-e18ecbb05110/go.mod h1:m0MpNAwzfU5UDzcl9v0D8zg8gWTRqZa9RBIspLL5mdg=
golang.org/x/net v0.0.0-20210428140749-89ef3d95e781/go.mod h1:OJAsFXCWl8Ukc7SiCT/9KSuxbyM7479/AVlXFRxuMCk=
golang.org/x/net v0.0.0-20211015210444-4f30a5c0130f/go.mod h1:9nx3DQGgdP8bBQD5qxJ1jj9UTztislL4KSBs9R2vV5Y=
golang.org/x/net v0.0.0-20220225172249-27dd8689420f/go.mod h1:CfG3xpIq0wQ8r1q4Su4UZFWDARRcnwPjda9FqA0JpMk=
golang.org/x/net v0.0.0-20220425223048-2871e0cb64e4 h1:HVyaeDAYux4pnY+D/SiwmLOR36ewZ4iGQIIrtnuCjFA=
golang.org/x/net v0.0.0-20220425223048-2871e0cb64e4/go.mod h1:CfG3xpIq0wQ8r1q4Su4UZFWDARRcnwPjda9FqA0JpMk=
golang.org/x/sync v0.0.0-20180314180146-1d60e4601c6f/go.mod h1:RxMgew5VJxzue5/jJTE5uejpjVlOe/izrB70Jof72aM=
golang.org/x/sync v0.0.0-20190423024810-112230192c58/go.mod h1:RxMgew5VJxzue5/jJTE5uejpjVlOe/izrB70Jof72aM=
golang.org/x/sync v0.0.0-20201020160332-67f06af15bc9/go.mod h1:RxMgew5VJxzue5/jJTE5uejpjVlOe/izrB70Jof72aM=
golang.org/x/sync v0.0.0-20210220032951-036812b2e83c/go.mod h1:RxMgew5VJxzue5/jJTE5uejpjVlOe/izrB70Jof72aM=
golang.org/x/sys v0.0.0-20180909124046-d0be0721c37e/go.mod h1:STP8DvDyc/dI5b8T5hshtkjS+E42TnysNCUPdjciGhY=
golang.org/x/sys v0.0.0-20181107165924-66b7b1311ac8/go.mod h1:STP8DvDyc/dI5b8T5hshtkjS+E42TnysNCUPdjciGhY=
golang.org/x/sys v0.0.0-20190215142949-d0b11bdaac8a/go.mod h1:STP8DvDyc/dI5b8T5hshtkjS+E42TnysNCUPdjciGhY=
golang.org/x/sys v0.0.0-20190412213103-97732733099d/go.mod h1:h1NjWce9XRLGQEsW7wpKNCjG9DtNlClVuFLEZdDNbEs=
golang.org/x/sys v0.0.0-20190904154756-749cb33beabd/go.mod h1:h1NjWce9XRLGQEsW7wpKNCjG9DtNlClVuFLEZdDNbEs=
golang.org/x/sys v0.0.0-20191005200804-aed5e4c7ecf9/go.mod h1:h1NjWce9XRLGQEsW7wpKNCjG9DtNlClVuFLEZdDNbEs=
golang.org/x/sys v0.0.0-20191026070338-33540a1f6037/go.mod h1:h1NjWce9XRLGQEsW7wpKNCjG9DtNlClVuFLEZdDNbEs=
golang.org/x/sys v0.0.0-20191120155948-bd437916bb0e/go.mod h1:h1NjWce9XRLGQEsW7wpKNCjG9DtNlClVuFLEZdDNbEs=
golang.org/x/sys v0.0.0-20191204072324-ce4227a45e2e/go.mod h1:h1NjWce9XRLGQEsW7wpKNCjG9DtNlClVuFLEZdDNbEs=
golang.org/x/sys v0.0.0-20200323222414-85ca7c5b95cd/go.mod h1:h1NjWce9XRLGQEsW7wpKNCjG9DtNlClVuFLEZdDNbEs=
golang.org/x/sys v0.0.0-20200930185726-fdedc70b468f/go.mod h1:h1NjWce9XRLGQEsW7wpKNCjG9DtNlClVuFLEZdDNbEs=
golang.org/x/sys v0.0.0-20201119102817-f84b799fce68/go.mod h1:h1NjWce9XRLGQEsW7wpKNCjG9DtNlClVuFLEZdDNbEs=
golang.org/x/sys v0.0.0-20210112080510-489259a85091/go.mod h1:h1NjWce9XRLGQEsW7wpKNCjG9DtNlClVuFLEZdDNbEs=
golang.org/x/sys v0.0.0-20210423082822-04245dca01da/go.mod h1:h1NjWce9XRLGQEsW7wpKNCjG9DtNlClVuFLEZdDNbEs=
golang.org/x/sys v0.0.0-20210615035016-665e8c7367d1/go.mod h1:oPkhp1MJrh7nUepCBck5+mAzfO9JrbApNNgaTdGDITg=
golang.org/x/sys v0.0.0-20211019181941-9d821ace8654/go.mod h1:oPkhp1MJrh7nUepCBck5+mAzfO9JrbApNNgaTdGDITg=
golang.org/x/sys v0.0.0-20211216021012-1d35b9e2eb4e/go.mod h1:oPkhp1MJrh7nUepCBck5+mAzfO9JrbApNNgaTdGDITg=
golang.org/x/sys v0.0.0-20220319134239-a9b59b0215f8/go.mod h1:oPkhp1MJrh7nUepCBck5+mAzfO9JrbApNNgaTdGDITg=
golang.org/x/sys v0.0.0-20220422013727-9388b58f7150 h1:xHms4gcpe1YE7A3yIllJXP16CMAGuqwO2lX1mTyyRRc=
golang.org/x/sys v0.0.0-20220422013727-9388b58f7150/go.mod h1:oPkhp1MJrh7nUepCBck5+mAzfO9JrbApNNgaTdGDITg=
golang.org/x/term v0.0.0-20201126162022-7de9c90e9dd1/go.mod h1:bj7SfCRtBDWHUb9snDiAeCFNEtKQo2Wmx5Cou7ajbmo=
golang.org/x/term v0.0.0-20210927222741-03fcf44c2211 h1:JGgROgKl9N8DuW20oFS5gxc+lE67/N3FcwmBPMe7ArY=
golang.org/x/term v0.0.0-20210927222741-03fcf44c2211/go.mod h1:jbD1KX2456YbFQfuXm/mYQcufACuNUgVhRMnK/tPxf8=
golang.org/x/text v0.3.0/go.mod h1:NqM8EUOU14njkJ3fqMW+pc6Ldnwhi/IjpwHt7yyuwOQ=
golang.org/x/text v0.3.3/go.mod h1:5Zoc/QRtKVWzQhOtBMvqHzDpF6irO9z98xDceosuGiQ=
golang.org/x/text v0.3.6/go.mod h1:5Zoc/QRtKVWzQhOtBMvqHzDpF6irO9z98xDceosuGiQ=
golang.org/x/text v0.3.7 h1:olpwvP2KacW1ZWvsR7uQhoyTYvKAupfQrRGBFM352Gk=
golang.org/x/text v0.3.7/go.mod h1:u+2+/6zg+i71rQMx5EYifcz6MCKuco9NR6JIITiCfzQ=
golang.org/x/tools v0.0.0-20180917221912-90fa682c2a6e/go.mod h1:n7NCudcB/nEzxVGmLbDWY5pfWTLqBcC2KZ6jyYvM4mQ=
golang.org/x/tools v0.0.0-20191119224855-298f0cb1881e/go.mod h1:b+2E5dAYhXwXZwtnZ6UAqBI28+e2cm9otk0dWdXHAEo=
golang.org/x/tools v0.0.0-20201224043029-2b0845dc783e/go.mod h1:emZCQorbCU4vsT4fOWvOPXz4eW1wZW4PmDk9uLelYpA=
golang.org/x/tools v0.1.10/go.mod h1:Uh6Zz+xoGYZom868N8YTex3t7RhtHDBrE8Gzo9bV56E=
golang.org/x/xerrors v0.0.0-20190717185122-a985d3407aa7/go.mod h1:I/5z698sn9Ka8TeJc9MKroUUfqBBauWjQqLJ2OPfmY0=
golang.org/x/xerrors v0.0.0-20191011141410-1b5146add898/go.mod h1:I/5z698sn9Ka8TeJc9MKroUUfqBBauWjQqLJ2OPfmY0=
golang.org/x/xerrors v0.0.0-20191204190536-9bdfabe68543/go.mod h1:I/5z698sn9Ka8TeJc9MKroUUfqBBauWjQqLJ2OPfmY0=
golang.org/x/xerrors v0.0.0-20200804184101-5ec99f83aff1/go.mod h1:I/5z698sn9Ka8TeJc9MKroUUfqBBauWjQqLJ2OPfmY0=
google.golang.org/protobuf v0.0.0-20200109180630-ec00e32a8dfd/go.mod h1:DFci5gLYBciE7Vtevhsrf46CRTquxDuWsQurQQe4oz8=
google.golang.org/protobuf v0.0.0-20200221191635-4d8936d0db64/go.mod h1:kwYJMbMJ01Woi6D6+Kah6886xMZcty6N08ah7+eCXa0=
google.golang.org/protobuf v0.0.0-20200228230310-ab0ca4ff8a60/go.mod h1:cfTl7dwQJ+fmap5saPgwCLgHXTUD7jkjRqWcaiX5VyM=
google.golang.org/protobuf v1.20.1-0.20200309200217-e05f789c0967/go.mod h1:A+miEFZTKqfCUM6K7xSMQL9OKL/b6hQv+e19PK+JZNE=
google.golang.org/protobuf v1.21.0/go.mod h1:47Nbq4nVaFHyn7ilMalzfO3qCViNmqZ2kzikPIcrTAo=
google.golang.org/protobuf v1.23.0/go.mod h1:EGpADcykh3NcUnDUJcl1+ZksZNG86OlYog2l/sGQquU=
google.golang.org/protobuf v1.26.0-rc.1/go.mod h1:jlhhOSvTdKEhbULTjvd4ARK9grFBp09yW+WbY/TyQbw=
google.golang.org/protobuf v1.26.0/go.mod h1:9q0QmTI4eRPtz6boOQmLYwt+qCgq0jsYwAQnmE0givc=
google.golang.org/protobuf v1.28.0/go.mod h1:HV8QOd/L58Z+nl8r43ehVNZIU/HEI6OcFqwMG9pJV4I=
gopkg.in/DATA-DOG/go-sqlmock.v1 v1.3.0 h1:FVCohIoYO7IJoDDVpV2pdq7SgrMH6wHnuTyrdrxJNoY=
gopkg.in/DATA-DOG/go-sqlmock.v1 v1.3.0/go.mod h1:OdE7CF6DbADk7lN8LIKRzRJTTZXIjtWgA5THM5lhBAw=
gopkg.in/airbrake/gobrake.v2 v2.0.9 h1:7z2uVWwn7oVeeugY1DtlPAy5H+KYgB1KeKTnqjNatLo=
gopkg.in/airbrake/gobrake.v2 v2.0.9/go.mod h1:/h5ZAUhDkGaJfjzjKLSjv6zCL6O0LLBxU4K+aSYdM/U=
gopkg.in/check.v1 v0.0.0-20161208181325-20d25e280405 h1:yhCVgyC4o1eVCa2tZl7eS0r+SDo693bJlVdllGtEeKM=
gopkg.in/check.v1 v0.0.0-20161208181325-20d25e280405/go.mod h1:Co6ibVJAznAaIkqp8huTwlJQCZ016jof/cbN4VW5Yz0=
gopkg.in/fsnotify.v1 v1.4.7/go.mod h1:Tz8NjZHkW78fSQdbUxIjBTcgA1z1m8ZHf0WmKUhAMys=
gopkg.in/gemnasium/logrus-airbrake-hook.v2 v2.1.2 h1:OAj3g0cR6Dx/R07QgQe8wkA9RNjB2u4i700xBkIT4e0=
gopkg.in/gemnasium/logrus-airbrake-hook.v2 v2.1.2/go.mod h1:Xk6kEKp8OKb+X14hQBKWaSkCsqBpgog8nAV2xsGOxlo=
gopkg.in/nullbio/null.v6 v6.0.0-20161116030900-40264a2e6b79 h1:FpCr9V8wuOei4BAen+93HtVJ+XSi+KPbaPKm0Vj5R64=
gopkg.in/nullbio/null.v6 v6.0.0-20161116030900-40264a2e6b79/go.mod h1:gWkaRU7CoXpezCBWfWjm3999QqS+1pYPXGbqQCTMzo8=
gopkg.in/tomb.v1 v1.0.0-20141024135613-dd632973f1e7 h1:uRGJdciOHaEIrze2W8Q3AKkepLTh2hOroT7a+7czfdQ=
gopkg.in/tomb.v1 v1.0.0-20141024135613-dd632973f1e7/go.mod h1:dt/ZhP58zS4L8KSrWDmTeBkI65Dw0HsyUHuEVlX15mw=
gopkg.in/yaml.v2 v2.2.2/go.mod h1:hI93XBmqTisBFMUTm0b8Fm+jr3Dg1NNxqwp+5A1VGuI=
gopkg.in/yaml.v2 v2.2.4/go.mod h1:hI93XBmqTisBFMUTm0b8Fm+jr3Dg1NNxqwp+5A1VGuI=
gopkg.in/yaml.v2 v2.3.0/go.mod h1:hI93XBmqTisBFMUTm0b8Fm+jr3Dg1NNxqwp+5A1VGuI=
gopkg.in/yaml.v2 v2.4.0 h1:D8xgwECY7CYvx+Y2n4sBz93Jn9JRvxdiyyo8CTfuKaY=
gopkg.in/yaml.v2 v2.4.0/go.mod h1:RDklbk79AGWmwhnvt/jBztapEOGDOx6ZbXqjP6csGnQ=
gopkg.in/yaml.v3 v3.0.0-20200313102051-9f266ea9e77c/go.mod h1:K4uyk7z7BCEPqu6E+C64Yfv1cQ7kz7rIZviUmN+EgEM=
gopkg.in/yaml.v3 v3.0.1 h1:fxVm/GzAzEWqLHuvctI91KS9hhNmmWOoWu0XTYJS7CA=
gopkg.in/yaml.v3 v3.0.1/go.mod h1:K4uyk7z7BCEPqu6E+C64Yfv1cQ7kz7rIZviUmN+EgEM=
