github.com/PuerkitoBio/goquery v1.4.1 h1:smcIRGdYm/w7JSbcdeLHEMzxmsBQvl8lhf0dSw2nzMI=
github.com/PuerkitoBio/goquery v1.4.1/go.mod h1:T9ezsOHcCrDCgA8aF1Cqr3sSYbO/xgdy8/R/XiIMAhA=
github.com/andybalholm/cascadia v0.0.0-20181012154424-680b6a57bda4 h1:9fN66kGzMzrAu2PPoPdOT0Bek7cLKkWeV9Ive9LABT4=
github.com/andybalholm/cascadia v0.0.0-20181012154424-680b6a57bda4/go.mod h1:GsXiBklL0woXo1j/WYWtSYYC4ouU9PqHO0sqidkEA4Y=
github.com/aws/aws-sdk-go-v2 v1.32.6 h1:7BokKRgRPuGmKkFMhEg/jSul+tB9VvXhcViILtfG8b4=
github.com/aws/aws-sdk-go-v2 v1.32.6/go.mod h1:P5WJBrYqqbWVaOxgH0X/FYYD47/nooaPOZPlQdmiN2U=
github.com/aws/aws-sdk-go-v2/aws/protocol/eventstream v1.6.7 h1:lL7IfaFzngfx0ZwUGOZdsFFnQ5uLvR0hWqqhyE7Q9M8=
github.com/aws/aws-sdk-go-v2/aws/protocol/eventstream v1.6.7/go.mod h1:QraP0UcVlQJsmHfioCrveWOC1nbiWUl3ej08h4mXWoc=
github.com/aws/aws-sdk-go-v2/config v1.28.6 h1:D89IKtGrs/I3QXOLNTH93NJYtDhm8SYa9Q5CsPShmyo=
github.com/aws/aws-sdk-go-v2/config v1.28.6/go.mod h1:GDzxJ5wyyFSCoLkS+UhGB0dArhb9mI+Co4dHtoTxbko=
github.com/aws/aws-sdk-go-v2/credentials v1.17.47 h1:48bA+3/fCdi2yAwVt+3COvmatZ6jUDNkDTIsqDiMUdw=
github.com/aws/aws-sdk-go-v2/credentials v1.17.47/go.mod h1:+KdckOejLW3Ks3b0E3b5rHsr2f9yuORBum0WPnE5o5w=
github.com/aws/aws-sdk-go-v2/feature/ec2/imds v1.16.21 h1:AmoU1pziydclFT/xRV+xXE/Vb8fttJCLRPv8oAkprc0=
github.com/aws/aws-sdk-go-v2/feature/ec2/imds v1.16.21/go.mod h1:AjUdLYe4Tgs6kpH4Bv7uMZo7pottoyHMn4eTcIcneaY=
github.com/aws/aws-sdk-go-v2/internal/configsources v1.3.25 h1:s/fF4+yDQDoElYhfIVvSNyeCydfbuTKzhxSXDXCPasU=
github.com/aws/aws-sdk-go-v2/internal/configsources v1.3.25/go.mod h1:IgPfDv5jqFIzQSNbUEMoitNooSMXjRSDkhXv8jiROvU=
github.com/aws/aws-sdk-go-v2/internal/endpoints/v2 v2.6.25 h1:ZntTCl5EsYnhN/IygQEUugpdwbhdkom9uHcbCftiGgA=
github.com/aws/aws-sdk-go-v2/internal/endpoints/v2 v2.6.25/go.mod h1:DBdPrgeocww+CSl1C8cEV8PN1mHMBhuCDLpXezyvWkE=
github.com/aws/aws-sdk-go-v2/internal/ini v1.8.1 h1:VaRN3TlFdd6KxX1x3ILT5ynH6HvKgqdiXoTxAF4HQcQ=
github.com/aws/aws-sdk-go-v2/internal/ini v1.8.1/go.mod h1:FbtygfRFze9usAadmnGJNc8KsP346kEe+y2/oyhGAGc=
github.com/aws/aws-sdk-go-v2/internal/v4a v1.3.25 h1:r67ps7oHCYnflpgDy2LZU0MAQtQbYIOqNNnqGO6xQkE=
github.com/aws/aws-sdk-go-v2/internal/v4a v1.3.25/go.mod h1:GrGY+Q4fIokYLtjCVB/aFfCVL6hhGUFl8inD18fDalE=
github.com/aws/aws-sdk-go-v2/service/internal/accept-encoding v1.12.1 h1:iXtILhvDxB6kPvEXgsDhGaZCSC6LQET5ZHSdJozeI0Y=
github.com/aws/aws-sdk-go-v2/service/internal/accept-encoding v1.12.1/go.mod h1:9nu0fVANtYiAePIBh2/pFUSwtJ402hLnp854CNoDOeE=
github.com/aws/aws-sdk-go-v2/service/internal/checksum v1.4.6 h1:HCpPsWqmYQieU7SS6E9HXfdAMSud0pteVXieJmcpIRI=
github.com/aws/aws-sdk-go-v2/service/internal/checksum v1.4.6/go.mod h1:ngUiVRCco++u+soRRVBIvBZxSMMvOVMXA4PJ36JLfSw=
github.com/aws/aws-sdk-go-v2/service/internal/presigned-url v1.12.6 h1:50+XsN70RS7dwJ2CkVNXzj7U2L1HKP8nqTd3XWEXBN4=
github.com/aws/aws-sdk-go-v2/service/internal/presigned-url v1.12.6/go.mod h1:WqgLmwY7so32kG01zD8CPTJWVWM+TzJoOVHwTg4aPug=
github.com/aws/aws-sdk-go-v2/service/internal/s3shared v1.18.6 h1:BbGDtTi0T1DYlmjBiCr/le3wzhA37O8QTC5/Ab8+EXk=
github.com/aws/aws-sdk-go-v2/service/internal/s3shared v1.18.6/go.mod h1:hLMJt7Q8ePgViKupeymbqI0la+t9/iYFBjxQCFwuAwI=
github.com/aws/aws-sdk-go-v2/service/s3 v1.71.0 h1:nyuzXooUNJexRT0Oy0UQY6AhOzxPxhtt4DcBIHyCnmw=
github.com/aws/aws-sdk-go-v2/service/s3 v1.71.0/go.mod h1:sT/iQz8JK3u/5gZkT+Hmr7GzVZehUMkRZpOaAwYXeGY=
github.com/aws/aws-sdk-go-v2/service/sso v1.24.7 h1:rLnYAfXQ3YAccocshIH5mzNNwZBkBo+bP6EhIxak6Hw=
github.com/aws/aws-sdk-go-v2/service/sso v1.24.7/go.mod h1:ZHtuQJ6t9A/+YDuxOLnbryAmITtr8UysSny3qcyvJTc=
github.com/aws/aws-sdk-go-v2/service/ssooidc v1.28.6 h1:JnhTZR3PiYDNKlXy50/pNeix9aGMo6lLpXwJ1mw8MD4=
github.com/aws/aws-sdk-go-v2/service/ssooidc v1.28.6/go.mod h1:URronUEGfXZN1VpdktPSD1EkAL9mfrV+2F4sjH38qOY=
github.com/aws/aws-sdk-go-v2/service/sts v1.33.2 h1:s4074ZO1Hk8qv65GqNXqDjmkf4HSQqJukaLuuW0TpDA=
github.com/aws/aws-sdk-go-v2/service/sts v1.33.2/go.mod h1:mVggCnIWoM09jP71Wh+ea7+5gAp53q+49wDFs1SW5z8=
github.com/aws/smithy-go v1.22.1 h1:/HPHZQ0g7f4eUeK6HKglFz8uwVfZKgoI25rb/J+dnro=
github.com/aws/smithy-go v1.22.1/go.mod h1:irrKGvNn1InZwb2d7fkIRNucdfwR8R+Ts3wxYa/cJHg=
github.com/davecgh/go-spew v1.1.0/go.mod h1:J7Y8YcW2NihsgmVo/mv3lAwl/skON4iLHjSsI+c5H38=
github.com/davecgh/go-spew v1.1.1 h1:vj9j/u1bqnvCEfJOwUhtlOARqs3+rkHYY13jYWTU97c=
github.com/davecgh/go-spew v1.1.1/go.mod h1:J7Y8YcW2NihsgmVo/mv3lAwl/skON4iLHjSsI+c5H38=
github.com/dgrijalva/jwt-go v3.2.0+incompatible/go.mod h1:E3ru+11k8xSBh+hMPgOLZmtrrCbhqsmaPHjLKYnJCaQ=
github.com/fsnotify/fsnotify v1.4.7/go.mod h1:jwhsz4b93w/PPRr/qN1Yymfu8t87LnFCMoQvtojpjFo=
github.com/fsnotify/fsnotify v1.4.9 h1:hsms1Qyu0jgnwNXIxa+/V/PDsU6CfLf6CNO8H7IWoS4=
github.com/fsnotify/fsnotify v1.4.9/go.mod h1:znqG4EE+3YCdAaPaxE2ZRY/06pZUdp0tY4IgpuI1SZQ=
github.com/go-redis/redis v0.0.0-20180920103551-69445c6e87e0 h1:ScYAVP699GtQ7Ch4eVDUuewQ+D13ZlGV0N93aR5GWAw=
github.com/go-redis/redis v0.0.0-20180920103551-69445c6e87e0/go.mod h1:NAIEuMOZ/fxfXJIrKDQDz8wamY7mA7PouImQ2Jvg6kA=
github.com/go-task/slim-sprig v0.0.0-20210107165309-348f09dbbbc0/go.mod h1:fyg7847qk6SyHyPtNmDHnmrv/HOrqktSC+C9fM+CJOE=
github.com/golang/protobuf v1.2.0/go.mod h1:6lQm79b+lXiMfvg/cZm0SGofjICqVBUtrP5yJMmIC1U=
github.com/golang/protobuf v1.4.0-rc.1/go.mod h1:ceaxUfeHdC40wWswd/P6IGgMaK3YpKi5j83Wpe3EHw8=
github.com/golang/protobuf v1.4.0-rc.1.0.20200221234624-67d41d38c208/go.mod h1:xKAWHe0F5eneWXFV3EuXVDTCmh+JuBKY0li0aMyXATA=
github.com/golang/protobuf v1.4.0-rc.2/go.mod h1:LlEzMj4AhA7rCAGe4KMBDvJI+AwstrUpVNzEA03Pprs=
github.com/golang/protobuf v1.4.0-rc.4.0.20200313231945-b860323f09d0/go.mod h1:WU3c8KckQ9AFe+yFwt9sWVRKCVIyN9cPHBJSNnbL67w=
github.com/golang/protobuf v1.4.0/go.mod h1:jodUvKwWbYaEsadDk5Fwe5c77LiNKVO9IDvqG2KuDX0=
github.com/golang/protobuf v1.4.2/go.mod h1:oDoupMAO8OvCJWAcko0GGGIgR6R6ocIYbsSw735rRwI=
github.com/google/go-cmp v0.3.0/go.mod h1:8QqcDgzrUqlUb/G2PQTWiueGozuR1884gddMywk6iLU=
github.com/google/go-cmp v0.3.1/go.mod h1:8QqcDgzrUqlUb/G2PQTWiueGozuR1884gddMywk6iLU=
github.com/google/go-cmp v0.4.0/go.mod h1:v8dTdLbMG2kIc/vJvl+f65V22dbkXbowE6jgT/gNBxE=
github.com/google/go-cmp v0.6.0 h1:ofyhxvXcZhMsU5ulbFiLKl/XBFqE1GSq7atu8tAmTRI=
github.com/google/go-cmp v0.6.0/go.mod h1:17dUlkBOakJ0+DkrSSNjCkIjxS6bF9zb3elmeNGIjoY=
github.com/h2non/bimg v1.0.19 h1:lrKA2oi4DttnscGeb/oRiBIcRiAX33mmp3yQX8JzGIc=
github.com/h2non/bimg v1.0.19/go.mod h1:R3+UiYwkK4rQl6KVFTOFJHitgLbZXBZNFh2cv3AEbp8=
github.com/hpcloud/tail v1.0.0/go.mod h1:ab1qPbhIpdTxEkNHXyeSf5vhxWSCs/tWer42PpOxQnU=
github.com/jlaffaye/ftp v0.0.0-20181011150954-fe787349a520 h1:VFHAQNYcjE5grUH5XOA6NPRFURBIcVt4A6R9G4fwH5c=
github.com/jlaffaye/ftp v0.0.0-20181011150954-fe787349a520/go.mod h1:lli8NYPQOFy3O++YmYbqVgOcQ1JPCwdOy+5zSjKJ9qY=
github.com/johntdyer/slack-go v0.0.0-20230314151037-c5bf334f9b6e h1:5tRmeUw/tXT/DvaoloWTWwlyrEZrKA7pnrz/X+g9s34=
github.com/johntdyer/slack-go v0.0.0-20230314151037-c5bf334f9b6e/go.mod h1:u0Jo4f2dNlTJeeOywkM6bLwxq6gC3pZ9rEFHn3AhTdk=
github.com/johntdyer/slackrus v0.0.0-20230315191314-80bc92dee4fc h1:enUIjGI+ljPLV2X3Mu3noR0P3m2NaIFGRsp96J8RBio=
github.com/johntdyer/slackrus v0.0.0-20230315191314-80bc92dee4fc/go.mod h1:EM3NFHkhmCX05s6UvxWSJ8h/3mluH4tF6bYr9FXF1Cg=
github.com/labstack/echo v0.0.0-20190126223945-739700bf4ef7 h1:kFheQLunLP9dCBrmg3D7y9FD44tlk/nvZQ7JCNvvWEA=
github.com/labstack/echo v0.0.0-20190126223945-739700bf4ef7/go.mod h1:rS0D1UPvC8/3sXjhSwEq+K1olh7ipbDhjDWATN2KSgA=
github.com/labstack/gommon v0.2.7 h1:2qOPq/twXDrQ6ooBGrn3mrmVOC+biLlatwgIu8lbzRM=
github.com/labstack/gommon v0.2.7/go.mod h1:/tj9csK2iPSBvn+3NLM9e52usepMtrd5ilFYA+wQNJ4=
github.com/lib/pq v1.0.0 h1:X5PMW56eZitiTeO7tKzZxFCSpbFZJtkMMooicw2us9A=
github.com/lib/pq v1.0.0/go.mod h1:5WUZQaWbwv1U+lTReE5YruASi9Al49XbQIvNi/34Woo=
github.com/mattn/go-colorable v0.0.9 h1:UVL0vNpWh04HeJXV0KLcaT7r06gOH2l4OW6ddYRUIY4=
github.com/mattn/go-colorable v0.0.9/go.mod h1:9vuHe8Xs5qXnSaW/c/ABM9alt+Vo+STaOChaDxuIBZU=
github.com/mattn/go-isatty v0.0.4 h1:bnP0vzxcAdeI1zdubAl5PjU6zsERjGZb7raWodagDYs=
github.com/mattn/go-isatty v0.0.4/go.mod h1:M+lRXTBqGeGNdLjl/ufCoiOlB5xdOkqRJdNxMWT7Zi4=
github.com/nullbio/inflect v0.0.0-20170731032957-3edb4592a77b h1:/vTNA41SN6jHp+9pCTzuUDU/JG3jAirMGpXgyZ5NtNM=
github.com/nullbio/inflect v0.0.0-20170731032957-3edb4592a77b/go.mod h1:swC7cAYI9CGqNNwWp9olT8FdQWP0WAdO0m6NPlwuWaw=
github.com/nxadm/tail v1.4.4/go.mod h1:kenIhsEOeOJmVchQTgglprH7qJGnHDVpk1VPCcaMI8A=
github.com/nxadm/tail v1.4.8 h1:nPr65rt6Y5JFSKQO7qToXr7pePgD6Gwiw05lkbyAQTE=
github.com/nxadm/tail v1.4.8/go.mod h1:+ncqLTQzXmGhMZNUePPaPqPvBxHAIsmXswZKocGu+AU=
github.com/onsi/ginkgo v1.2.1-0.20170318221715-67b9df7f55fe/go.mod h1:lLunBs/Ym6LB5Z9jYTR76FiuTmxDTDusOGeTQH+WWjE=
github.com/onsi/ginkgo v1.6.0/go.mod h1:lLunBs/Ym6LB5Z9jYTR76FiuTmxDTDusOGeTQH+WWjE=
github.com/onsi/ginkgo v1.12.1/go.mod h1:zj2OWP4+oCPe1qIXoGWkgMRwljMUYCdkwsT2108oapk=
github.com/onsi/ginkgo v1.16.5 h1:8xi0RTUf59SOSfEtZMvwTvXYMzG4gV23XVHOZiXNtnE=
github.com/onsi/ginkgo v1.16.5/go.mod h1:+E8gABHa3K6zRBolWtd+ROzc/U5bkGt0FwiG042wbpU=
github.com/onsi/gomega v1.1.0/go.mod h1:C1qb7wdrVGGVU+Z6iS04AVkA3Q65CEZX59MT0QO5uiA=
github.com/onsi/gomega v1.7.1/go.mod h1:XdKZgCCFLUoM/7CFJVPcG8C1xQ1AJ0vpAezJrB7JYyY=
github.com/onsi/gomega v1.10.1/go.mod h1:iN09h71vgCQne3DLsj+A5owkum+a2tYe+TOCB1ybHNo=
github.com/onsi/gomega v1.33.1 h1:dsYjIxxSR755MDmKVsaFQTE22ChNBcuuTWgkUDSubOk=
github.com/onsi/gomega v1.33.1/go.mod h1:U4R44UsT+9eLIaYRB2a5qajjtQYn0hauxvRm16AVYg0=
github.com/pierrec/xxHash v0.1.1 h1:KP4NrV9023xp3M4FkTYfcXqWigsOCImL1ANJ7sh5vg4=
github.com/pierrec/xxHash v0.1.1/go.mod h1:w2waW5Zoa/Wc4Yqe0wgrIYAGKqRMf7czn2HNKXmuL+I=
github.com/pkg/errors v0.8.0 h1:WdK/asTD0HN+q6hsWO3/vpuAkAr+tw6aNJNDFFf0+qw=
github.com/pkg/errors v0.8.0/go.mod h1:bwawxfHBFNV+L2hUp1rHADufV3IMtnDRdf1r5NINEl0=
github.com/pmezard/go-difflib v1.0.0 h1:4DBwDE0NGyQoBHbLQYPwSUPoCMWR5BEzIk/f1lZbAQM=
github.com/pmezard/go-difflib v1.0.0/go.mod h1:iKH77koFhYxTK1pcRnkKkqfTogsbg7gZNVY4sRDYZ/4=
github.com/relistan/rubberneck v1.3.0 h1:8aLmcCgJeveMhJxVFY4++QVr0e2KqhdiL9Ix4JvfX0E=
github.com/relistan/rubberneck v1.3.0/go.mod h1:Rz7t6qPF++kclj7QHhPNssWP94g4bKTi1ebhnQ4gEDg=
github.com/rohanthewiz/element v0.4.1-0.20240610014730-cae6bd9b5361 h1:K21oUBInEVl6IIfP89aVngikXS8uJvp4TN6onc87Ang=
github.com/rohanthewiz/element v0.4.1-0.20240610014730-cae6bd9b5361/go.mod h1:yxmrFVnO9eQQ7GbjRfJgJG9u8yHUjTTxy/6ji3PNhXY=
github.com/rohanthewiz/element v0.5.2 h1:MG0Wmpc6HvD+Pg8go2q2lL+pAX5dPaaKnO3uRp3fi6k=
github.com/rohanthewiz/element v0.5.2/go.mod h1:cA57S9UGRSaWrMmGC1M+8QCQw/y8kgODiBB0KEwIyzo=
github.com/rohanthewiz/gmail_send v1.0.0 h1:GxgZf6vF/iozP2YhYg3sgSWJCl2lrc/XNnhOpSRpUuY=
github.com/rohanthewiz/gmail_send v1.0.0/go.mod h1:p8Gj8BFnaR72GK0hy3q4nuj4v2lkvrubesBeMaQu9C0=
github.com/rohanthewiz/logger v1.2.5 h1:h9p65AqRc4+9l9blEMin3Se6Lja9+cOi7XPI5+FP5Pk=
github.com/rohanthewiz/logger v1.2.5/go.mod h1:1A2v/8q3ue3vJ5mguli3gsyhWrlXZGWrVocdEv1svXE=
github.com/rohanthewiz/roftp v0.2.0 h1:xujy3kJqenUOMBBVcaiCwK9b8vfQEa/QloXNdOaXuqo=
github.com/rohanthewiz/roftp v0.2.0/go.mod h1:6ZcuAouzs2a/hNzm/iWKSL3UtUwR13ztNioVhegwCp8=
github.com/rohanthewiz/roredis v0.0.0-20180930023327-1f6380dfc68e h1:wGzjMo9KDLXn1u3rNpJ0FYmtXrGdbS4HJ+EExvT3o9M=
github.com/rohanthewiz/roredis v0.0.0-20180930023327-1f6380dfc68e/go.mod h1:YRm0+bo1OvJNN9RPejz4zeRDE72STqggkg+NBu9B5Fs=
github.com/rohanthewiz/serr v1.0.0-rc.3/go.mod h1:4LFlRtUd/2j5PXgWWE9ibW/fVlJSH1acBDwn2pDcIRc=
github.com/rohanthewiz/serr v1.2.0 h1:zBb2ns/a9e78jbqbbb7knhShpUind7FkrlKj6vghNgQ=
github.com/rohanthewiz/serr v1.2.0/go.mod h1:WYBghPccoTAUknotbanGZzWnIFREXYI5ULwf5sjznxY=
github.com/rohanthewiz/serr v1.2.2 h1:uFQXy4Gzf0ZAfdGvUxRmHJbGcFAjYnHBL3k2HiCvgeM=
github.com/rohanthewiz/serr v1.2.2/go.mod h1:WYBghPccoTAUknotbanGZzWnIFREXYI5ULwf5sjznxY=
github.com/sirupsen/logrus v1.9.0 h1:trlNQbNUG3OdDrDil03MCb1H2o9nJ1x4/5LYw7byDE0=
github.com/sirupsen/logrus v1.9.0/go.mod h1:naHLuLoDiP4jHNo9R0sCBMtWGeIprob74mVsIT4qYEQ=
github.com/stretchr/objx v0.1.0/go.mod h1:HFkY916IF+rwdDfMAkV7OtwuqBVzrE8GR6GFx+wExME=
github.com/stretchr/testify v1.2.2/go.mod h1:a8OnRcib4nhh0OaRAV+Yts87kKdq0PP7pXfy6kDkUVs=
github.com/stretchr/testify v1.5.1/go.mod h1:5W2xD1RspED5o8YsWQXVCued0rvSQ+mT+I5cxcmMvtA=
github.com/stretchr/testify v1.7.0/go.mod h1:6Fq8oRcR53rry900zMqJjRRixrwX3KX962/h/Wwjteg=
github.com/stretchr/testify v1.9.0 h1:HtqpIVDClZ4nwg75+f6Lvsy/wHu+3BoSGCbBAcpTsTg=
github.com/stretchr/testify v1.9.0/go.mod h1:r2ic/lqez/lEtzL7wO/rwa5dbSLXVDPFyf8C91i36aY=
github.com/stripe/stripe-go v55.14.0+incompatible h1:5+JWn2dKhB6Ee7V3AKZgB7kR48Lb9hbfkFIlzCLbYIo=
github.com/stripe/stripe-go v55.14.0+incompatible/go.mod h1:A1dQZmO/QypXmsL0T8axYZkSN/uA/T/A64pfKdBAMiY=
github.com/valyala/bytebufferpool v1.0.0 h1:GqA5TC/0021Y/b9FG4Oi9Mr3q7XYx6KllzawFIhcdPw=
github.com/valyala/bytebufferpool v1.0.0/go.mod h1:6bBcMArwyJ5K/AmCkWv1jt77kVWyCJ6HpOuEn7z0Csc=
github.com/valyala/fasttemplate v0.0.0-20170224212429-dcecefd839c4 h1:gKMu1Bf6QINDnvyZuTaACm9ofY+PRh+5vFz4oxBZeF8=
github.com/valyala/fasttemplate v0.0.0-20170224212429-dcecefd839c4/go.mod h1:50wTf68f99/Zt14pr046Tgt3Lp2vLyFZKzbFXTOabXw=
github.com/vattle/sqlboiler v2.5.0+incompatible h1:Wt7km7/dtfzZD8gt1u3NWeK0AuF5UEr26kVD360w2PA=
github.com/vattle/sqlboiler v2.5.0+incompatible/go.mod h1:Q3YlQv8muqQLqYsCfq0TjX87Ec/oUbIcLuZFZIUV614=
github.com/vincent-petithory/dataurl v0.0.0-20160330182126-9a301d65acbb h1:lyL3z7vYwTWXf4/bI+A01+cCSnfhKIBhy+SQ46Z/ml8=
github.com/vincent-petithory/dataurl v0.0.0-20160330182126-9a301d65acbb/go.mod h1:FHafX5vmDzyP+1CQATJn7WFKc9CvnvxyvZy6I1MrG/U=
github.com/yuin/goldmark v1.2.1/go.mod h1:3hX8gzYuyVAZsxl0MRgGTJEmQBFcNTphYh9decYSb74=
golang.org/x/crypto v0.0.0-20181106171534-e4dc69e5b2fd/go.mod h1:6SG95UA2DQfeDnfUPMdvaQW0Q7yPrPDi9nlGo2tz2b4=
golang.org/x/crypto v0.0.0-20190308221718-c2843e01d9a2/go.mod h1:djNgcEr1/C05ACkg1iLfiJU5Ep61QUkGW8qpdssI0+w=
golang.org/x/crypto v0.0.0-20191011191535-87dc89f01550/go.mod h1:yigFU9vqHzYiE8UmvKecakEJjdnWj3jj499lnFckfCI=
golang.org/x/crypto v0.0.0-20200622213623-75b288015ac9/go.mod h1:LzIPMQfyMNhhGPhUkYOs5KpL4U8rLKemX1yGLhDgUto=
golang.org/x/crypto v0.22.0 h1:g1v0xeRhjcugydODzvb3mEM9SQ0HGp9s/nh3COQ/C30=
golang.org/x/crypto v0.22.0/go.mod h1:vr6Su+7cTlO45qkww3VDJlzDn0ctJvRgYbC2NvXHt+M=
golang.org/x/mod v0.3.0/go.mod h1:s0Qsj1ACt9ePp/hMypM3fl4fZqREWJwdYDEqhRiZZUA=
golang.org/x/net v0.0.0-20180218175443-cbe0f9307d01/go.mod h1:mL1N/T3taQHkDXs73rZJwtUhF3w3ftmwwsq0BUmARs4=
golang.org/x/net v0.0.0-20180906233101-161cd47e91fd/go.mod h1:mL1N/T3taQHkDXs73rZJwtUhF3w3ftmwwsq0BUmARs4=
golang.org/x/net v0.0.0-20190404232315-eb5bcb51f2a3/go.mod h1:t9HGtf8HONx5eT2rtn7q6eTqICYqUVnKs3thJo3Qplg=
golang.org/x/net v0.0.0-20190620200207-3b0461eec859/go.mod h1:z5CRVTTTmAJ677TzLLGU+0bjPO0LkuOLi4/5GtJWs/s=
golang.org/x/net v0.0.0-20200520004742-59133d7f0dd7/go.mod h1:qpuaurCH72eLCgpAm/N6yyVIVM9cpaDIP3A8BGJEC5A=
golang.org/x/net v0.0.0-20201021035429-f5854403a974/go.mod h1:sp8m0HH+o8qH0wwXwYZr8TS3Oi6o0r6Gce1SSxlDquU=
golang.org/x/net v0.24.0 h1:1PcaxkF854Fu3+lvBIx5SYn9wRlBzzcnHZSiaFFAb0w=
golang.org/x/net v0.24.0/go.mod h1:2Q7sJY5mzlzWjKtYUEXSlBWCdyaioyXzRB2RtU8KVE8=
golang.org/x/sync v0.0.0-20180314180146-1d60e4601c6f/go.mod h1:RxMgew5VJxzue5/jJTE5uejpjVlOe/izrB70Jof72aM=
golang.org/x/sync v0.0.0-20190423024810-112230192c58/go.mod h1:RxMgew5VJxzue5/jJTE5uejpjVlOe/izrB70Jof72aM=
golang.org/x/sync v0.0.0-20201020160332-67f06af15bc9/go.mod h1:RxMgew5VJxzue5/jJTE5uejpjVlOe/izrB70Jof72aM=
golang.org/x/sys v0.0.0-20161016222106-002cbb5f9524/go.mod h1:STP8DvDyc/dI5b8T5hshtkjS+E42TnysNCUPdjciGhY=
golang.org/x/sys v0.0.0-20180909124046-d0be0721c37e/go.mod h1:STP8DvDyc/dI5b8T5hshtkjS+E42TnysNCUPdjciGhY=
golang.org/x/sys v0.0.0-20181107165924-66b7b1311ac8/go.mod h1:STP8DvDyc/dI5b8T5hshtkjS+E42TnysNCUPdjciGhY=
golang.org/x/sys v0.0.0-20190215142949-d0b11bdaac8a/go.mod h1:STP8DvDyc/dI5b8T5hshtkjS+E42TnysNCUPdjciGhY=
golang.org/x/sys v0.0.0-20190412213103-97732733099d/go.mod h1:h1NjWce9XRLGQEsW7wpKNCjG9DtNlClVuFLEZdDNbEs=
golang.org/x/sys v0.0.0-20190904154756-749cb33beabd/go.mod h1:h1NjWce9XRLGQEsW7wpKNCjG9DtNlClVuFLEZdDNbEs=
golang.org/x/sys v0.0.0-20191005200804-aed5e4c7ecf9/go.mod h1:h1NjWce9XRLGQEsW7wpKNCjG9DtNlClVuFLEZdDNbEs=
golang.org/x/sys v0.0.0-20191120155948-bd437916bb0e/go.mod h1:h1NjWce9XRLGQEsW7wpKNCjG9DtNlClVuFLEZdDNbEs=
golang.org/x/sys v0.0.0-20200323222414-85ca7c5b95cd/go.mod h1:h1NjWce9XRLGQEsW7wpKNCjG9DtNlClVuFLEZdDNbEs=
golang.org/x/sys v0.0.0-20200930185726-fdedc70b468f/go.mod h1:h1NjWce9XRLGQEsW7wpKNCjG9DtNlClVuFLEZdDNbEs=
golang.org/x/sys v0.0.0-20210112080510-489259a85091/go.mod h1:h1NjWce9XRLGQEsW7wpKNCjG9DtNlClVuFLEZdDNbEs=
golang.org/x/sys v0.0.0-20220715151400-c0bba94af5f8/go.mod h1:oPkhp1MJrh7nUepCBck5+mAzfO9JrbApNNgaTdGDITg=
golang.org/x/sys v0.19.0 h1:q5f1RH2jigJ1MoAWp2KTp3gm5zAGFUTarQZ5U386+4o=
golang.org/x/sys v0.19.0/go.mod h1:/VUhepiaJMQUp4+oa/7Zr1D23ma6VTLIYjOOTFZPUcA=
golang.org/x/text v0.3.0/go.mod h1:NqM8EUOU14njkJ3fqMW+pc6Ldnwhi/IjpwHt7yyuwOQ=
golang.org/x/text v0.3.3/go.mod h1:5Zoc/QRtKVWzQhOtBMvqHzDpF6irO9z98xDceosuGiQ=
golang.org/x/text v0.14.0 h1:ScX5w1eTa3QqT8oi6+ziP7dTV1S2+ALU0bI+0zXKWiQ=
golang.org/x/text v0.14.0/go.mod h1:18ZOQIKpY8NJVqYksKHtTdi31H5itFRjB5/qKTNYzSU=
golang.org/x/tools v0.0.0-20180917221912-90fa682c2a6e/go.mod h1:n7NCudcB/nEzxVGmLbDWY5pfWTLqBcC2KZ6jyYvM4mQ=
golang.org/x/tools v0.0.0-20191119224855-298f0cb1881e/go.mod h1:b+2E5dAYhXwXZwtnZ6UAqBI28+e2cm9otk0dWdXHAEo=
golang.org/x/tools v0.0.0-20201224043029-2b0845dc783e/go.mod h1:emZCQorbCU4vsT4fOWvOPXz4eW1wZW4PmDk9uLelYpA=
golang.org/x/xerrors v0.0.0-20190717185122-a985d3407aa7/go.mod h1:I/5z698sn9Ka8TeJc9MKroUUfqBBauWjQqLJ2OPfmY0=
golang.org/x/xerrors v0.0.0-20191011141410-1b5146add898/go.mod h1:I/5z698sn9Ka8TeJc9MKroUUfqBBauWjQqLJ2OPfmY0=
golang.org/x/xerrors v0.0.0-20191204190536-9bdfabe68543/go.mod h1:I/5z698sn9Ka8TeJc9MKroUUfqBBauWjQqLJ2OPfmY0=
golang.org/x/xerrors v0.0.0-20200804184101-5ec99f83aff1/go.mod h1:I/5z698sn9Ka8TeJc9MKroUUfqBBauWjQqLJ2OPfmY0=
google.golang.org/protobuf v0.0.0-20200109180630-ec00e32a8dfd/go.mod h1:DFci5gLYBciE7Vtevhsrf46CRTquxDuWsQurQQe4oz8=
google.golang.org/protobuf v0.0.0-20200221191635-4d8936d0db64/go.mod h1:kwYJMbMJ01Woi6D6+Kah6886xMZcty6N08ah7+eCXa0=
google.golang.org/protobuf v0.0.0-20200228230310-ab0ca4ff8a60/go.mod h1:cfTl7dwQJ+fmap5saPgwCLgHXTUD7jkjRqWcaiX5VyM=
google.golang.org/protobuf v1.20.1-0.20200309200217-e05f789c0967/go.mod h1:A+miEFZTKqfCUM6K7xSMQL9OKL/b6hQv+e19PK+JZNE=
google.golang.org/protobuf v1.21.0/go.mod h1:47Nbq4nVaFHyn7ilMalzfO3qCViNmqZ2kzikPIcrTAo=
google.golang.org/protobuf v1.23.0/go.mod h1:EGpADcykh3NcUnDUJcl1+ZksZNG86OlYog2l/sGQquU=
gopkg.in/DATA-DOG/go-sqlmock.v1 v1.3.0 h1:FVCohIoYO7IJoDDVpV2pdq7SgrMH6wHnuTyrdrxJNoY=
gopkg.in/DATA-DOG/go-sqlmock.v1 v1.3.0/go.mod h1:OdE7CF6DbADk7lN8LIKRzRJTTZXIjtWgA5THM5lhBAw=
gopkg.in/check.v1 v0.0.0-20161208181325-20d25e280405 h1:yhCVgyC4o1eVCa2tZl7eS0r+SDo693bJlVdllGtEeKM=
gopkg.in/check.v1 v0.0.0-20161208181325-20d25e280405/go.mod h1:Co6ibVJAznAaIkqp8huTwlJQCZ016jof/cbN4VW5Yz0=
gopkg.in/fsnotify.v1 v1.4.7/go.mod h1:Tz8NjZHkW78fSQdbUxIjBTcgA1z1m8ZHf0WmKUhAMys=
gopkg.in/nullbio/null.v6 v6.0.0-20161116030900-40264a2e6b79 h1:FpCr9V8wuOei4BAen+93HtVJ+XSi+KPbaPKm0Vj5R64=
gopkg.in/nullbio/null.v6 v6.0.0-20161116030900-40264a2e6b79/go.mod h1:gWkaRU7CoXpezCBWfWjm3999QqS+1pYPXGbqQCTMzo8=
gopkg.in/relistan/rubberneck.v1 v1.0.1 h1:1DBQrGIDvvEP/xF1qJk/y3H+amRLZzXs2KxdhmsvgCk=
gopkg.in/relistan/rubberneck.v1 v1.0.1/go.mod h1:BLy0OXD9kCz6qJh+vAcgAFIhsuhJJxqHtmJ6QYl2qmE=
gopkg.in/tomb.v1 v1.0.0-20141024135613-dd632973f1e7 h1:uRGJdciOHaEIrze2W8Q3AKkepLTh2hOroT7a+7czfdQ=
gopkg.in/tomb.v1 v1.0.0-20141024135613-dd632973f1e7/go.mod h1:dt/ZhP58zS4L8KSrWDmTeBkI65Dw0HsyUHuEVlX15mw=
gopkg.in/yaml.v2 v2.0.0-20170208141851-a3f3340b5840/go.mod h1:JAlM8MvJe8wmxCU4Bli9HhUf9+ttbYbLASfIpnQbh74=
gopkg.in/yaml.v2 v2.2.2/go.mod h1:hI93XBmqTisBFMUTm0b8Fm+jr3Dg1NNxqwp+5A1VGuI=
gopkg.in/yaml.v2 v2.2.4/go.mod h1:hI93XBmqTisBFMUTm0b8Fm+jr3Dg1NNxqwp+5A1VGuI=
gopkg.in/yaml.v2 v2.3.0/go.mod h1:hI93XBmqTisBFMUTm0b8Fm+jr3Dg1NNxqwp+5A1VGuI=
gopkg.in/yaml.v2 v2.4.0 h1:D8xgwECY7CYvx+Y2n4sBz93Jn9JRvxdiyyo8CTfuKaY=
gopkg.in/yaml.v2 v2.4.0/go.mod h1:RDklbk79AGWmwhnvt/jBztapEOGDOx6ZbXqjP6csGnQ=
gopkg.in/yaml.v3 v3.0.0-20200313102051-9f266ea9e77c/go.mod h1:K4uyk7z7BCEPqu6E+C64Yfv1cQ7kz7rIZviUmN+EgEM=
gopkg.in/yaml.v3 v3.0.1 h1:fxVm/GzAzEWqLHuvctI91KS9hhNmmWOoWu0XTYJS7CA=
gopkg.in/yaml.v3 v3.0.1/go.mod h1:K4uyk7z7BCEPqu6E+C64Yfv1cQ7kz7rIZviUmN+EgEM=
